Microsoft Visual Studio Solution File, Format Version 12.00
# Visual Studio Version 17
VisualStudioVersion = 17.0.31903.59
MinimumVisualStudioVersion = 10.0.40219.1
Project("{FAE04EC0-301F-11D3-BF4B-00C04F79EFBC}") = "VanFlowAPI", "VanFlowAPI\VanFlowAPI.csproj", "{A2C7E79B-74C8-4C67-BE03-38B8F312E3E2}"
EndProject
Global
	GlobalSection(SolutionConfigurationPlatforms) = preSolution
		Debug|Any CPU = Debug|Any CPU
		Release|Any CPU = Release|Any CPU
	EndGlobalSection
	GlobalSection(ProjectConfigurationPlatforms) = postSolution
		{A2C7E79B-74C8-4C67-BE03-38B8F312E3E2}.Debug|Any CPU.ActiveCfg = Debug|Any CPU
		{A2C7E79B-74C8-4C67-BE03-38B8F312E3E2}.Debug|Any CPU.Build.0 = Debug|Any CPU
		{A2C7E79B-74C8-4C67-BE03-38B8F312E3E2}.Release|Any CPU.ActiveCfg = Release|Any CPU
		{A2C7E79B-74C8-4C67-BE03-38B8F312E3E2}.Release|Any CPU.Build.0 = Release|Any CPU
	EndGlobalSection
EndGlobal
